
Microsoft Visual Studio Solution File, Format Version 11.00
# Visual C# Express 2010
Project("{FAE04EC0-301F-11D3-BF4B-00C04F79EFBC}") = "Bot", "Bot\Bot.csproj", "{692CA774-25BA-49EF-AAB5-E28B15807DC7}"
EndProject
Project("{FAE04EC0-301F-11D3-BF4B-00C04F79EFBC}") = "Test-Blink", "Test-Blink\Test-Blink.csproj", "{62EAF70F-2DBE-4D1A-BBDC-27DA47B439FC}"
EndProject
Project("{FAE04EC0-301F-11D3-BF4B-00C04F79EFBC}") = "Test-Servo", "Test-Servo\Test-Servo.csproj", "{0252AD3B-EDE5-48F6-B153-54737904A729}"
EndProject
Project("{FAE04EC0-301F-11D3-BF4B-00C04F79EFBC}") = "Test-Wheels", "Test-Wheels\Test-Wheels.csproj", "{88066000-71BC-409C-98A6-4BB81BDB099E}"
EndProject
Project("{FAE04EC0-301F-11D3-BF4B-00C04F79EFBC}") = "Test-Eye", "Test-Eye\Test-Eye.csproj", "{2EC7A9F9-BC30-49FB-BD45-F758CE0E6CC2}"
EndProject
Global
	GlobalSection(SolutionConfigurationPlatforms) = preSolution
		Debug|Any CPU = Debug|Any CPU
		Release|Any CPU = Release|Any CPU
	EndGlobalSection
	GlobalSection(ProjectConfigurationPlatforms) = postSolution
		{692CA774-25BA-49EF-AAB5-E28B15807DC7}.Debug|Any CPU.ActiveCfg = Debug|Any CPU
		{692CA774-25BA-49EF-AAB5-E28B15807DC7}.Debug|Any CPU.Build.0 = Debug|Any CPU
		{692CA774-25BA-49EF-AAB5-E28B15807DC7}.Release|Any CPU.ActiveCfg = Release|Any CPU
		{692CA774-25BA-49EF-AAB5-E28B15807DC7}.Release|Any CPU.Build.0 = Release|Any CPU
		{692CA774-25BA-49EF-AAB5-E28B15807DC7}.Release|Any CPU.Deploy.0 = Release|Any CPU
		{62EAF70F-2DBE-4D1A-BBDC-27DA47B439FC}.Debug|Any CPU.ActiveCfg = Debug|Any CPU
		{62EAF70F-2DBE-4D1A-BBDC-27DA47B439FC}.Debug|Any CPU.Build.0 = Debug|Any CPU
		{62EAF70F-2DBE-4D1A-BBDC-27DA47B439FC}.Release|Any CPU.ActiveCfg = Release|Any CPU
		{62EAF70F-2DBE-4D1A-BBDC-27DA47B439FC}.Release|Any CPU.Build.0 = Release|Any CPU
		{62EAF70F-2DBE-4D1A-BBDC-27DA47B439FC}.Release|Any CPU.Deploy.0 = Release|Any CPU
		{0252AD3B-EDE5-48F6-B153-54737904A729}.Debug|Any CPU.ActiveCfg = Debug|Any CPU
		{0252AD3B-EDE5-48F6-B153-54737904A729}.Debug|Any CPU.Build.0 = Debug|Any CPU
		{0252AD3B-EDE5-48F6-B153-54737904A729}.Release|Any CPU.ActiveCfg = Release|Any CPU
		{0252AD3B-EDE5-48F6-B153-54737904A729}.Release|Any CPU.Build.0 = Release|Any CPU
		{0252AD3B-EDE5-48F6-B153-54737904A729}.Release|Any CPU.Deploy.0 = Release|Any CPU
		{88066000-71BC-409C-98A6-4BB81BDB099E}.Debug|Any CPU.ActiveCfg = Debug|Any CPU
		{88066000-71BC-409C-98A6-4BB81BDB099E}.Debug|Any CPU.Build.0 = Debug|Any CPU
		{88066000-71BC-409C-98A6-4BB81BDB099E}.Release|Any CPU.ActiveCfg = Release|Any CPU
		{88066000-71BC-409C-98A6-4BB81BDB099E}.Release|Any CPU.Build.0 = Release|Any CPU
		{88066000-71BC-409C-98A6-4BB81BDB099E}.Release|Any CPU.Deploy.0 = Release|Any CPU
		{2EC7A9F9-BC30-49FB-BD45-F758CE0E6CC2}.Debug|Any CPU.ActiveCfg = Debug|Any CPU
		{2EC7A9F9-BC30-49FB-BD45-F758CE0E6CC2}.Debug|Any CPU.Build.0 = Debug|Any CPU
		{2EC7A9F9-BC30-49FB-BD45-F758CE0E6CC2}.Debug|Any CPU.Deploy.0 = Debug|Any CPU
		{2EC7A9F9-BC30-49FB-BD45-F758CE0E6CC2}.Release|Any CPU.ActiveCfg = Release|Any CPU
		{2EC7A9F9-BC30-49FB-BD45-F758CE0E6CC2}.Release|Any CPU.Build.0 = Release|Any CPU
		{2EC7A9F9-BC30-49FB-BD45-F758CE0E6CC2}.Release|Any CPU.Deploy.0 = Release|Any CPU
	EndGlobalSection
	GlobalSection(SolutionProperties) = preSolution
		HideSolutionNode = FALSE
	EndGlobalSection
EndGlobal
